
Microsoft Visual Studio Solution File, Format Version 12.00
# Visual Studio Version 16
VisualStudioVersion = 16.0.29728.190
MinimumVisualStudioVersion = 10.0.40219.1
Project("{8BC9CEB8-8B4A-11D0-8D11-00A0C91BC942}") = "Laba4A(var 25)", "Laba4A(var 25)\Laba4A(var 25).vcxproj", "{27EF0626-2ED8-4D25-B971-310D677B979C}"
EndProject
Global
	GlobalSection(SolutionConfigurationPlatforms) = preSolution
		Debug|x64 = Debug|x64
		Debug|x86 = Debug|x86
		Release|x64 = Release|x64
		Release|x86 = Release|x86
	EndGlobalSection
	GlobalSection(ProjectConfigurationPlatforms) = postSolution
		{27EF0626-2ED8-4D25-B971-310D677B979C}.Debug|x64.ActiveCfg = Debug|x64
		{27EF0626-2ED8-4D25-B971-310D677B979C}.Debug|x64.Build.0 = Debug|x64
		{27EF0626-2ED8-4D25-B971-310D677B979C}.Debug|x86.ActiveCfg = Debug|Win32
		{27EF0626-2ED8-4D25-B971-310D677B979C}.Debug|x86.Build.0 = Debug|Win32
		{27EF0626-2ED8-4D25-B971-310D677B979C}.Release|x64.ActiveCfg = Release|x64
		{27EF0626-2ED8-4D25-B971-310D677B979C}.Release|x64.Build.0 = Release|x64
		{27EF0626-2ED8-4D25-B971-310D677B979C}.Release|x86.ActiveCfg = Release|Win32
		{27EF0626-2ED8-4D25-B971-310D677B979C}.Release|x86.Build.0 = Release|Win32
	EndGlobalSection
	GlobalSection(SolutionProperties) = preSolution
		HideSolutionNode = FALSE
	EndGlobalSection
	GlobalSection(ExtensibilityGlobals) = postSolution
		SolutionGuid = {CC887F0E-1AF6-4FD0-AEEF-BB3469EED1F5}
	EndGlobalSection
EndGlobal
